// !$*UTF8*$!
{
	archiveVersion = 1;
	classes = {
	};
	objectVersion = 50;
	objects = {

/* Begin PBXBuildFile section */
		2391EF83267C14DB005D3E09 /* AppDelegate.swift in Sources */ = {isa = PBXBuildFile; fileRef = 2391EF82267C14DB005D3E09 /* AppDelegate.swift */; };
		2391EF85267C14DB005D3E09 /* SceneDelegate.swift in Sources */ = {isa = PBXBuildFile; fileRef = 2391EF84267C14DB005D3E09 /* SceneDelegate.swift */; };
		2391EF87267C14DB005D3E09 /* ViewController.swift in Sources */ = {isa = PBXBuildFile; fileRef = 2391EF86267C14DB005D3E09 /* ViewController.swift */; };
		2391EF8A267C14DB005D3E09 /* Main.storyboard in Resources */ = {isa = PBXBuildFile; fileRef = 2391EF88267C14DB005D3E09 /* Main.storyboard */; };
		2391EF8D267C14DB005D3E09 /* MovieDB.xcdatamodeld in Sources */ = {isa = PBXBuildFile; fileRef = 2391EF8B267C14DB005D3E09 /* MovieDB.xcdatamodeld */; };
		2391EF8F267C14DC005D3E09 /* Assets.xcassets in Resources */ = {isa = PBXBuildFile; fileRef = 2391EF8E267C14DC005D3E09 /* Assets.xcassets */; };
		2391EF92267C14DC005D3E09 /* LaunchScreen.storyboard in Resources */ = {isa = PBXBuildFile; fileRef = 2391EF90267C14DC005D3E09 /* LaunchScreen.storyboard */; };
		2391EF9D267C14DC005D3E09 /* MovieDBTests.swift in Sources */ = {isa = PBXBuildFile; fileRef = 2391EF9C267C14DC005D3E09 /* MovieDBTests.swift */; };
		2391EFA8267C14DC005D3E09 /* MovieDBUITests.swift in Sources */ = {isa = PBXBuildFile; fileRef = 2391EFA7267C14DC005D3E09 /* MovieDBUITests.swift */; };
/* End PBXBuildFile section */

/* Begin PBXContainerItemProxy section */
		2391EF99267C14DC005D3E09 /* PBXContainerItemProxy */ = {
			isa = PBXContainerItemProxy;
			containerPortal = 2391EF77267C14DB005D3E09 /* Project object */;
			proxyType = 1;
			remoteGlobalIDString = 2391EF7E267C14DB005D3E09;
			remoteInfo = MovieDB;
		};
		2391EFA4267C14DC005D3E09 /* PBXContainerItemProxy */ = {
			isa = PBXContainerItemProxy;
			containerPortal = 2391EF77267C14DB005D3E09 /* Project object */;
			proxyType = 1;
			remoteGlobalIDString = 2391EF7E267C14DB005D3E09;
			remoteInfo = MovieDB;
		};
/* End PBXContainerItemProxy section */

/* Begin PBXFileReference section */
		2391EF7F267C14DB005D3E09 /* MovieDB.app */ = {isa = PBXFileReference; explicitFileType = wrapper.application; includeInIndex = 0; path = MovieDB.app; sourceTree = BUILT_PRODUCTS_DIR; };
		2391EF82267C14DB005D3E09 /* AppDelegate.swift */ = {isa = PBXFileReference; lastKnownFileType = sourcecode.swift; path = AppDelegate.swift; sourceTree = "<group>"; };
		2391EF84267C14DB005D3E09 /* SceneDelegate.swift */ = {isa = PBXFileReference; lastKnownFileType = sourcecode.swift; path = SceneDelegate.swift; sourceTree = "<group>"; };
		2391EF86267C14DB005D3E09 /* ViewController.swift */ = {isa = PBXFileReference; lastKnownFileType = sourcecode.swift; path = ViewController.swift; sourceTree = "<group>"; };
		2391EF89267C14DB005D3E09 /* Base */ = {isa = PBXFileReference; lastKnownFileType = file.storyboard; name = Base; path = Base.lproj/Main.storyboard; sourceTree = "<group>"; };
		2391EF8C267C14DB005D3E09 /* MovieDB.xcdatamodel */ = {isa = PBXFileReference; lastKnownFileType = wrapper.xcdatamodel; path = MovieDB.xcdatamodel; sourceTree = "<group>"; };
		2391EF8E267C14DC005D3E09 /* Assets.xcassets */ = {isa = PBXFileReference; lastKnownFileType = folder.assetcatalog; path = Assets.xcassets; sourceTree = "<group>"; };
		2391EF91267C14DC005D3E09 /* Base */ = {isa = PBXFileReference; lastKnownFileType = file.storyboard; name = Base; path = Base.lproj/LaunchScreen.storyboard; sourceTree = "<group>"; };
		2391EF93267C14DC005D3E09 /* Info.plist */ = {isa = PBXFileReference; lastKnownFileType = text.plist.xml; path = Info.plist; sourceTree = "<group>"; };
		2391EF98267C14DC005D3E09 /* MovieDBTests.xctest */ = {isa = PBXFileReference; explicitFileType = wrapper.cfbundle; includeInIndex = 0; path = MovieDBTests.xctest; sourceTree = BUILT_PRODUCTS_DIR; };
		2391EF9C267C14DC005D3E09 /* MovieDBTests.swift */ = {isa = PBXFileReference; lastKnownFileType = sourcecode.swift; path = MovieDBTests.swift; sourceTree = "<group>"; };
		2391EF9E267C14DC005D3E09 /* Info.plist */ = {isa = PBXFileReference; lastKnownFileType = text.plist.xml; path = Info.plist; sourceTree = "<group>"; };
		2391EFA3267C14DC005D3E09 /* MovieDBUITests.xctest */ = {isa = PBXFileReference; explicitFileType = wrapper.cfbundle; includeInIndex = 0; path = MovieDBUITests.xctest; sourceTree = BUILT_PRODUCTS_DIR; };
		2391EFA7267C14DC005D3E09 /* MovieDBUITests.swift */ = {isa = PBXFileReference; lastKnownFileType = sourcecode.swift; path = MovieDBUITests.swift; sourceTree = "<group>"; };
		2391EFA9267C14DC005D3E09 /* Info.plist */ = {isa = PBXFileReference; lastKnownFileType = text.plist.xml; path = Info.plist; sourceTree = "<group>"; };
/* End PBXFileReference section */

/* Begin PBXFrameworksBuildPhase section */
		2391EF7C267C14DB005D3E09 /* Frameworks */ = {
			isa = PBXFrameworksBuildPhase;
			buildActionMask = 2147483647;
			files = (
			);
			runOnlyForDeploymentPostprocessing = 0;
		};
		2391EF95267C14DC005D3E09 /* Frameworks */ = {
			isa = PBXFrameworksBuildPhase;
			buildActionMask = 2147483647;
			files = (
			);
			runOnlyForDeploymentPostprocessing = 0;
		};
		2391EFA0267C14DC005D3E09 /* Frameworks */ = {
			isa = PBXFrameworksBuildPhase;
			buildActionMask = 2147483647;
			files = (
			);
			runOnlyForDeploymentPostprocessing = 0;
		};
/* End PBXFrameworksBuildPhase section */

/* Begin PBXGroup section */
		2391EF76267C14DB005D3E09 = {
			isa = PBXGroup;
			children = (
				2391EF81267C14DB005D3E09 /* MovieDB */,
				2391EF9B267C14DC005D3E09 /* MovieDBTests */,
				2391EFA6267C14DC005D3E09 /* MovieDBUITests */,
				2391EF80267C14DB005D3E09 /* Products */,
			);
			sourceTree = "<group>";
		};
		2391EF80267C14DB005D3E09 /* Products */ = {
			isa = PBXGroup;
			children = (
				2391EF7F267C14DB005D3E09 /* MovieDB.app */,
				2391EF98267C14DC005D3E09 /* MovieDBTests.xctest */,
				2391EFA3267C14DC005D3E09 /* MovieDBUITests.xctest */,
			);
			name = Products;
			sourceTree = "<group>";
		};
		2391EF81267C14DB005D3E09 /* MovieDB */ = {
			isa = PBXGroup;
			children = (
				2391EF82267C14DB005D3E09 /* AppDelegate.swift */,
				2391EF84267C14DB005D3E09 /* SceneDelegate.swift */,
				2391EF86267C14DB005D3E09 /* ViewController.swift */,
				2391EF88267C14DB005D3E09 /* Main.storyboard */,
				2391EF8E267C14DC005D3E09 /* Assets.xcassets */,
				2391EF90267C14DC005D3E09 /* LaunchScreen.storyboard */,
				2391EF93267C14DC005D3E09 /* Info.plist */,
				2391EF8B267C14DB005D3E09 /* MovieDB.xcdatamodeld */,
			);
			path = MovieDB;
			sourceTree = "<group>";
		};
		2391EF9B267C14DC005D3E09 /* MovieDBTests */ = {
			isa = PBXGroup;
			children = (
				2391EF9C267C14DC005D3E09 /* MovieDBTests.swift */,
				2391EF9E267C14DC005D3E09 /* Info.plist */,
			);
			path = MovieDBTests;
			sourceTree = "<group>";
		};
		2391EFA6267C14DC005D3E09 /* MovieDBUITests */ = {
			isa = PBXGroup;
			children = (
				2391EFA7267C14DC005D3E09 /* MovieDBUITests.swift */,
				2391EFA9267C14DC005D3E09 /* Info.plist */,
			);
			path = MovieDBUITests;
			sourceTree = "<group>";
		};
/* End PBXGroup section */

/* Begin PBXNativeTarget section */
		2391EF7E267C14DB005D3E09 /* MovieDB */ = {
			isa = PBXNativeTarget;
			buildConfigurationList = 2391EFAC267C14DC005D3E09 /* Build configuration list for PBXNativeTarget "MovieDB" */;
			buildPhases = (
				2391EF7B267C14DB005D3E09 /* Sources */,
				2391EF7C267C14DB005D3E09 /* Frameworks */,
				2391EF7D267C14DB005D3E09 /* Resources */,
			);
			buildRules = (
			);
			dependencies = (
			);
			name = MovieDB;
			productName = MovieDB;
			productReference = 2391EF7F267C14DB005D3E09 /* MovieDB.app */;
			productType = "com.apple.product-type.application";
		};
		2391EF97267C14DC005D3E09 /* MovieDBTests */ = {
			isa = PBXNativeTarget;
			buildConfigurationList = 2391EFAF267C14DC005D3E09 /* Build configuration list for PBXNativeTarget "MovieDBTests" */;
			buildPhases = (
				2391EF94267C14DC005D3E09 /* Sources */,
				2391EF95267C14DC005D3E09 /* Frameworks */,
				2391EF96267C14DC005D3E09 /* Resources */,
			);
			buildRules = (
			);
			dependencies = (
				2391EF9A267C14DC005D3E09 /* PBXTargetDependency */,
			);
			name = MovieDBTests;
			productName = MovieDBTests;
			productReference = 2391EF98267C14DC005D3E09 /* MovieDBTests.xctest */;
			productType = "com.apple.product-type.bundle.unit-test";
		};
		2391EFA2267C14DC005D3E09 /* MovieDBUITests */ = {
			isa = PBXNativeTarget;
			buildConfigurationList = 2391EFB2267C14DC005D3E09 /* Build configuration list for PBXNativeTarget "MovieDBUITests" */;
			buildPhases = (
				2391EF9F267C14DC005D3E09 /* Sources */,
				2391EFA0267C14DC005D3E09 /* Frameworks */,
				2391EFA1267C14DC005D3E09 /* Resources */,
			);
			buildRules = (
			);
			dependencies = (
				2391EFA5267C14DC005D3E09 /* PBXTargetDependency */,
			);
			name = MovieDBUITests;
			productName = MovieDBUITests;
			productReference = 2391EFA3267C14DC005D3E09 /* MovieDBUITests.xctest */;
			productType = "com.apple.product-type.bundle.ui-testing";
		};
/* End PBXNativeTarget section */

/* Begin PBXProject section */
		2391EF77267C14DB005D3E09 /* Project object */ = {
			isa = PBXProject;
			attributes = {
				LastSwiftUpdateCheck = 1250;
				LastUpgradeCheck = 1250;
				TargetAttributes = {
					2391EF7E267C14DB005D3E09 = {
						CreatedOnToolsVersion = 12.5;
					};
					2391EF97267C14DC005D3E09 = {
						CreatedOnToolsVersion = 12.5;
						TestTargetID = 2391EF7E267C14DB005D3E09;
					};
					2391EFA2267C14DC005D3E09 = {
						CreatedOnToolsVersion = 12.5;
						TestTargetID = 2391EF7E267C14DB005D3E09;
					};
				};
			};
			buildConfigurationList = 2391EF7A267C14DB005D3E09 /* Build configuration list for PBXProject "MovieDB" */;
			compatibilityVersion = "Xcode 9.3";
			developmentRegion = en;
			hasScannedForEncodings = 0;
			knownRegions = (
				en,
				Base,
			);
			mainGroup = 2391EF76267C14DB005D3E09;
			productRefGroup = 2391EF80267C14DB005D3E09 /* Products */;
			projectDirPath = "";
			projectRoot = "";
			targets = (
				2391EF7E267C14DB005D3E09 /* MovieDB */,
				2391EF97267C14DC005D3E09 /* MovieDBTests */,
				2391EFA2267C14DC005D3E09 /* MovieDBUITests */,
			);
		};
/* End PBXProject section */

/* Begin PBXResourcesBuildPhase section */
		2391EF7D267C14DB005D3E09 /* Resources */ = {
			isa = PBXResourcesBuildPhase;
			buildActionMask = 2147483647;
			files = (
				2391EF92267C14DC005D3E09 /* LaunchScreen.storyboard in Resources */,
				2391EF8F267C14DC005D3E09 /* Assets.xcassets in Resources */,
				2391EF8A267C14DB005D3E09 /* Main.storyboard in Resources */,
			);
			runOnlyForDeploymentPostprocessing = 0;
		};
		2391EF96267C14DC005D3E09 /* Resources */ = {
			isa = PBXResourcesBuildPhase;
			buildActionMask = 2147483647;
			files = (
			);
			runOnlyForDeploymentPostprocessing = 0;
		};
		2391EFA1267C14DC005D3E09 /* Resources */ = {
			isa = PBXResourcesBuildPhase;
			buildActionMask = 2147483647;
			files = (
			);
			runOnlyForDeploymentPostprocessing = 0;
		};
/* End PBXResourcesBuildPhase section */

/* Begin PBXSourcesBuildPhase section */
		2391EF7B267C14DB005D3E09 /* Sources */ = {
			isa = PBXSourcesBuildPhase;
			buildActionMask = 2147483647;
			files = (
				2391EF87267C14DB005D3E09 /* ViewController.swift in Sources */,
				2391EF83267C14DB005D3E09 /* AppDelegate.swift in Sources */,
				2391EF8D267C14DB005D3E09 /* MovieDB.xcdatamodeld in Sources */,
				2391EF85267C14DB005D3E09 /* SceneDelegate.swift in Sources */,
			);
			runOnlyForDeploymentPostprocessing = 0;
		};
		2391EF94267C14DC005D3E09 /* Sources */ = {
			isa = PBXSourcesBuildPhase;
			buildActionMask = 2147483647;
			files = (
				2391EF9D267C14DC005D3E09 /* MovieDBTests.swift in Sources */,
			);
			runOnlyForDeploymentPostprocessing = 0;
		};
		2391EF9F267C14DC005D3E09 /* Sources */ = {
			isa = PBXSourcesBuildPhase;
			buildActionMask = 2147483647;
			files = (
				2391EFA8267C14DC005D3E09 /* MovieDBUITests.swift in Sources */,
			);
			runOnlyForDeploymentPostprocessing = 0;
		};
/* End PBXSourcesBuildPhase section */

/* Begin PBXTargetDependency section */
		2391EF9A267C14DC005D3E09 /* PBXTargetDependency */ = {
			isa = PBXTargetDependency;
			target = 2391EF7E267C14DB005D3E09 /* MovieDB */;
			targetProxy = 2391EF99267C14DC005D3E09 /* PBXContainerItemProxy */;
		};
		2391EFA5267C14DC005D3E09 /* PBXTargetDependency */ = {
			isa = PBXTargetDependency;
			target = 2391EF7E267C14DB005D3E09 /* MovieDB */;
			targetProxy = 2391EFA4267C14DC005D3E09 /* PBXContainerItemProxy */;
		};
/* End PBXTargetDependency section */

/* Begin PBXVariantGroup section */
		2391EF88267C14DB005D3E09 /* Main.storyboard */ = {
			isa = PBXVariantGroup;
			children = (
				2391EF89267C14DB005D3E09 /* Base */,
			);
			name = Main.storyboard;
			sourceTree = "<group>";
		};
		2391EF90267C14DC005D3E09 /* LaunchScreen.storyboard */ = {
			isa = PBXVariantGroup;
			children = (
				2391EF91267C14DC005D3E09 /* Base */,
			);
			name = LaunchScreen.storyboard;
			sourceTree = "<group>";
		};
/* End PBXVariantGroup section */

/* Begin XCBuildConfiguration section */
		2391EFAA267C14DC005D3E09 /* Debug */ = {
			isa = XCBuildConfiguration;
			buildSettings = {
				ALWAYS_SEARCH_USER_PATHS = NO;
				CLANG_ANALYZER_NONNULL = YES;
				CLANG_ANALYZER_NUMBER_OBJECT_CONVERSION = YES_AGGRESSIVE;
				CLANG_CXX_LANGUAGE_STANDARD = "gnu++14";
				CLANG_CXX_LIBRARY = "libc++";
				CLANG_ENABLE_MODULES = YES;
				CLANG_ENABLE_OBJC_ARC = YES;
				CLANG_ENABLE_OBJC_WEAK = YES;
				CLANG_WARN_BLOCK_CAPTURE_AUTORELEASING = YES;
				CLANG_WARN_BOOL_CONVERSION = YES;
				CLANG_WARN_COMMA = YES;
				CLANG_WARN_CONSTANT_CONVERSION = YES;
				CLANG_WARN_DEPRECATED_OBJC_IMPLEMENTATIONS = YES;
				CLANG_WARN_DIRECT_OBJC_ISA_USAGE = YES_ERROR;
				CLANG_WARN_DOCUMENTATION_COMMENTS = YES;
				CLANG_WARN_EMPTY_BODY = YES;
				CLANG_WARN_ENUM_CONVERSION = YES;
				CLANG_WARN_INFINITE_RECURSION = YES;
				CLANG_WARN_INT_CONVERSION = YES;
				CLANG_WARN_NON_LITERAL_NULL_CONVERSION = YES;
				CLANG_WARN_OBJC_IMPLICIT_RETAIN_SELF = YES;
				CLANG_WARN_OBJC_LITERAL_CONVERSION = YES;
				CLANG_WARN_OBJC_ROOT_CLASS = YES_ERROR;
				CLANG_WARN_QUOTED_INCLUDE_IN_FRAMEWORK_HEADER = YES;
				CLANG_WARN_RANGE_LOOP_ANALYSIS = YES;
				CLANG_WARN_STRICT_PROTOTYPES = YES;
				CLANG_WARN_SUSPICIOUS_MOVE = YES;
				CLANG_WARN_UNGUARDED_AVAILABILITY = YES_AGGRESSIVE;
				CLANG_WARN_UNREACHABLE_CODE = YES;
				CLANG_WARN__DUPLICATE_METHOD_MATCH = YES;
				COPY_PHASE_STRIP = NO;
				DEBUG_INFORMATION_FORMAT = dwarf;
				ENABLE_STRICT_OBJC_MSGSEND = YES;
				ENABLE_TESTABILITY = YES;
				GCC_C_LANGUAGE_STANDARD = gnu11;
				GCC_DYNAMIC_NO_PIC = NO;
				GCC_NO_COMMON_BLOCKS = YES;
				GCC_OPTIMIZATION_LEVEL = 0;
				GCC_PREPROCESSOR_DEFINITIONS = (
					"DEBUG=1",
					"$(inherited)",
				);
				GCC_WARN_64_TO_32_BIT_CONVERSION = YES;
				GCC_WARN_ABOUT_RETURN_TYPE = YES_ERROR;
				GCC_WARN_UNDECLARED_SELECTOR = YES;
				GCC_WARN_UNINITIALIZED_AUTOS = YES_AGGRESSIVE;
				GCC_WARN_UNUSED_FUNCTION = YES;
				GCC_WARN_UNUSED_VARIABLE = YES;
				IPHONEOS_DEPLOYMENT_TARGET = 14.5;
				MTL_ENABLE_DEBUG_INFO = INCLUDE_SOURCE;
				MTL_FAST_MATH = YES;
				ONLY_ACTIVE_ARCH = YES;
				SDKROOT = iphoneos;
				SWIFT_ACTIVE_COMPILATION_CONDITIONS = DEBUG;
				SWIFT_OPTIMIZATION_LEVEL = "-Onone";
			};
			name = Debug;
		};
		2391EFAB267C14DC005D3E09 /* Release */ = {
			isa = XCBuildConfiguration;
			buildSettings = {
				ALWAYS_SEARCH_USER_PATHS = NO;
				CLANG_ANALYZER_NONNULL = YES;
				CLANG_ANALYZER_NUMBER_OBJECT_CONVERSION = YES_AGGRESSIVE;
				CLANG_CXX_LANGUAGE_STANDARD = "gnu++14";
				CLANG_CXX_LIBRARY = "libc++";
				CLANG_ENABLE_MODULES = YES;
				CLANG_ENABLE_OBJC_ARC = YES;
				CLANG_ENABLE_OBJC_WEAK = YES;
				CLANG_WARN_BLOCK_CAPTURE_AUTORELEASING = YES;
				CLANG_WARN_BOOL_CONVERSION = YES;
				CLANG_WARN_COMMA = YES;
				CLANG_WARN_CONSTANT_CONVERSION = YES;
				CLANG_WARN_DEPRECATED_OBJC_IMPLEMENTATIONS = YES;
				CLANG_WARN_DIRECT_OBJC_ISA_USAGE = YES_ERROR;
				CLANG_WARN_DOCUMENTATION_COMMENTS = YES;
				CLANG_WARN_EMPTY_BODY = YES;
				CLANG_WARN_ENUM_CONVERSION = YES;
				CLANG_WARN_INFINITE_RECURSION = YES;
				CLANG_WARN_INT_CONVERSION = YES;
				CLANG_WARN_NON_LITERAL_NULL_CONVERSION = YES;
				CLANG_WARN_OBJC_IMPLICIT_RETAIN_SELF = YES;
				CLANG_WARN_OBJC_LITERAL_CONVERSION = YES;
				CLANG_WARN_OBJC_ROOT_CLASS = YES_ERROR;
				CLANG_WARN_QUOTED_INCLUDE_IN_FRAMEWORK_HEADER = YES;
				CLANG_WARN_RANGE_LOOP_ANALYSIS = YES;
				CLANG_WARN_STRICT_PROTOTYPES = YES;
				CLANG_WARN_SUSPICIOUS_MOVE = YES;
				CLANG_WARN_UNGUARDED_AVAILABILITY = YES_AGGRESSIVE;
				CLANG_WARN_UNREACHABLE_CODE = YES;
				CLANG_WARN__DUPLICATE_METHOD_MATCH = YES;
				COPY_PHASE_STRIP = NO;
				DEBUG_INFORMATION_FORMAT = "dwarf-with-dsym";
				ENABLE_NS_ASSERTIONS = NO;
				ENABLE_STRICT_OBJC_MSGSEND = YES;
				GCC_C_LANGUAGE_STANDARD = gnu11;
				GCC_NO_COMMON_BLOCKS = YES;
				GCC_WARN_64_TO_32_BIT_CONVERSION = YES;
				GCC_WARN_ABOUT_RETURN_TYPE = YES_ERROR;
				GCC_WARN_UNDECLARED_SELECTOR = YES;
				GCC_WARN_UNINITIALIZED_AUTOS = YES_AGGRESSIVE;
				GCC_WARN_UNUSED_FUNCTION = YES;
				GCC_WARN_UNUSED_VARIABLE = YES;
				IPHONEOS_DEPLOYMENT_TARGET = 14.5;
				MTL_ENABLE_DEBUG_INFO = NO;
				MTL_FAST_MATH = YES;
				SDKROOT = iphoneos;
				SWIFT_COMPILATION_MODE = wholemodule;
				SWIFT_OPTIMIZATION_LEVEL = "-O";
				VALIDATE_PRODUCT = YES;
			};
			name = Release;
		};
		2391EFAD267C14DC005D3E09 /* Debug */ = {
			isa = XCBuildConfiguration;
			buildSettings = {
				ASSETCATALOG_COMPILER_APPICON_NAME = AppIcon;
				ASSETCATALOG_COMPILER_GLOBAL_ACCENT_COLOR_NAME = AccentColor;
				CODE_SIGN_STYLE = Automatic;
				DEVELOPMENT_TEAM = F788WA65H3;
				INFOPLIST_FILE = MovieDB/Info.plist;
				LD_RUNPATH_SEARCH_PATHS = (
					"$(inherited)",
					"@executable_path/Frameworks",
				);
				PRODUCT_BUNDLE_IDENTIFIER = com.naeemIT.MovieDB;
				PRODUCT_NAME = "$(TARGET_NAME)";
				SWIFT_VERSION = 5.0;
				TARGETED_DEVICE_FAMILY = "1,2";
			};
			name = Debug;
		};
		2391EFAE267C14DC005D3E09 /* Release */ = {
			isa = XCBuildConfiguration;
			buildSettings = {
				ASSETCATALOG_COMPILER_APPICON_NAME = AppIcon;
				ASSETCATALOG_COMPILER_GLOBAL_ACCENT_COLOR_NAME = AccentColor;
				CODE_SIGN_STYLE = Automatic;
				DEVELOPMENT_TEAM = F788WA65H3;
				INFOPLIST_FILE = MovieDB/Info.plist;
				LD_RUNPATH_SEARCH_PATHS = (
					"$(inherited)",
					"@executable_path/Frameworks",
				);
				PRODUCT_BUNDLE_IDENTIFIER = com.naeemIT.MovieDB;
				PRODUCT_NAME = "$(TARGET_NAME)";
				SWIFT_VERSION = 5.0;
				TARGETED_DEVICE_FAMILY = "1,2";
			};
			name = Release;
		};
		2391EFB0267C14DC005D3E09 /* Debug */ = {
			isa = XCBuildConfiguration;
			buildSettings = {
				ALWAYS_EMBED_SWIFT_STANDARD_LIBRARIES = YES;
				BUNDLE_LOADER = "$(TEST_HOST)";
				CODE_SIGN_STYLE = Automatic;
				DEVELOPMENT_TEAM = F788WA65H3;
				INFOPLIST_FILE = MovieDBTests/Info.plist;
				IPHONEOS_DEPLOYMENT_TARGET = 14.5;
				LD_RUNPATH_SEARCH_PATHS = (
					"$(inherited)",
					"@executable_path/Frameworks",
					"@loader_path/Frameworks",
				);
				PRODUCT_BUNDLE_IDENTIFIER = com.naeemIT.MovieDBTests;
				PRODUCT_NAME = "$(TARGET_NAME)";
				SWIFT_VERSION = 5.0;
				TARGETED_DEVICE_FAMILY = "1,2";
				TEST_HOST = "$(BUILT_PRODUCTS_DIR)/MovieDB.app/MovieDB";
			};
			name = Debug;
		};
		2391EFB1267C14DC005D3E09 /* Release */ = {
			isa = XCBuildConfiguration;
			buildSettings = {
				ALWAYS_EMBED_SWIFT_STANDARD_LIBRARIES = YES;
				BUNDLE_LOADER = "$(TEST_HOST)";
				CODE_SIGN_STYLE = Automatic;
				DEVELOPMENT_TEAM = F788WA65H3;
				INFOPLIST_FILE = MovieDBTests/Info.plist;
				IPHONEOS_DEPLOYMENT_TARGET = 14.5;
				LD_RUNPATH_SEARCH_PATHS = (
					"$(inherited)",
					"@executable_path/Frameworks",
					"@loader_path/Frameworks",
				);
				PRODUCT_BUNDLE_IDENTIFIER = com.naeemIT.MovieDBTests;
				PRODUCT_NAME = "$(TARGET_NAME)";
				SWIFT_VERSION = 5.0;
				TARGETED_DEVICE_FAMILY = "1,2";
				TEST_HOST = "$(BUILT_PRODUCTS_DIR)/MovieDB.app/MovieDB";
			};
			name = Release;
		};
		2391EFB3267C14DC005D3E09 /* Debug */ = {
			isa = XCBuildConfiguration;
			buildSettings = {
				ALWAYS_EMBED_SWIFT_STANDARD_LIBRARIES = YES;
				CODE_SIGN_STYLE = Automatic;
				DEVELOPMENT_TEAM = F788WA65H3;
				INFOPLIST_FILE = MovieDBUITests/Info.plist;
				LD_RUNPATH_SEARCH_PATHS = (
					"$(inherited)",
					"@executable_path/Frameworks",
					"@loader_path/Frameworks",
				);
				PRODUCT_BUNDLE_IDENTIFIER = com.naeemIT.MovieDBUITests;
				PRODUCT_NAME = "$(TARGET_NAME)";
				SWIFT_VERSION = 5.0;
				TARGETED_DEVICE_FAMILY = "1,2";
				TEST_TARGET_NAME = MovieDB;
			};
			name = Debug;
		};
		2391EFB4267C14DC005D3E09 /* Release */ = {
			isa = XCBuildConfiguration;
			buildSettings = {
				ALWAYS_EMBED_SWIFT_STANDARD_LIBRARIES = YES;
				CODE_SIGN_STYLE = Automatic;
				DEVELOPMENT_TEAM = F788WA65H3;
				INFOPLIST_FILE = MovieDBUITests/Info.plist;
				LD_RUNPATH_SEARCH_PATHS = (
					"$(inherited)",
					"@executable_path/Frameworks",
					"@loader_path/Frameworks",
				);
				PRODUCT_BUNDLE_IDENTIFIER = com.naeemIT.MovieDBUITests;
				PRODUCT_NAME = "$(TARGET_NAME)";
				SWIFT_VERSION = 5.0;
				TARGETED_DEVICE_FAMILY = "1,2";
				TEST_TARGET_NAME = MovieDB;
			};
			name = Release;
		};
/* End XCBuildConfiguration section */

/* Begin XCConfigurationList section */
		2391EF7A267C14DB005D3E09 /* Build configuration list for PBXProject "MovieDB" */ = {
			isa = XCConfigurationList;
			buildConfigurations = (
				2391EFAA267C14DC005D3E09 /* Debug */,
				2391EFAB267C14DC005D3E09 /* Release */,
			);
			defaultConfigurationIsVisible = 0;
			defaultConfigurationName = Release;
		};
		2391EFAC267C14DC005D3E09 /* Build configuration list for PBXNativeTarget "MovieDB" */ = {
			isa = XCConfigurationList;
			buildConfigurations = (
				2391EFAD267C14DC005D3E09 /* Debug */,
				2391EFAE267C14DC005D3E09 /* Release */,
			);
			defaultConfigurationIsVisible = 0;
			defaultConfigurationName = Release;
		};
		2391EFAF267C14DC005D3E09 /* Build configuration list for PBXNativeTarget "MovieDBTests" */ = {
			isa = XCConfigurationList;
			buildConfigurations = (
				2391EFB0267C14DC005D3E09 /* Debug */,
				2391EFB1267C14DC005D3E09 /* Release */,
			);
			defaultConfigurationIsVisible = 0;
			defaultConfigurationName = Release;
		};
		2391EFB2267C14DC005D3E09 /* Build configuration list for PBXNativeTarget "MovieDBUITests" */ = {
			isa = XCConfigurationList;
			buildConfigurations = (
				2391EFB3267C14DC005D3E09 /* Debug */,
				2391EFB4267C14DC005D3E09 /* Release */,
			);
			defaultConfigurationIsVisible = 0;
			defaultConfigurationName = Release;
		};
/* End XCConfigurationList section */

/* Begin XCVersionGroup section */
		2391EF8B267C14DB005D3E09 /* MovieDB.xcdatamodeld */ = {
			isa = XCVersionGroup;
			children = (
				2391EF8C267C14DB005D3E09 /* MovieDB.xcdatamodel */,
			);
			currentVersion = 2391EF8C267C14DB005D3E09 /* MovieDB.xcdatamodel */;
			path = MovieDB.xcdatamodeld;
			sourceTree = "<group>";
			versionGroupType = wrapper.xcdatamodel;
		};
/* End XCVersionGroup section */
	};
	rootObject = 2391EF77267C14DB005D3E09 /* Project object */;
}
